
Microsoft Visual Studio Solution File, Format Version 12.00
# Visual Studio Version 17
VisualStudioVersion = 17.7.34031.279
MinimumVisualStudioVersion = 10.0.40219.1
Project("{FAE04EC0-301F-11D3-BF4B-00C04F79EFBC}") = "Electronic training manual", "Electronic training manual\Electronic training manual.csproj", "{A30942A6-0305-4C71-AC6F-B60E892122FE}"
EndProject
Global
	GlobalSection(SolutionConfigurationPlatforms) = preSolution
		Debug|Any CPU = Debug|Any CPU
		Debug|x86 = Debug|x86
		Release|Any CPU = Release|Any CPU
		Release|x86 = Release|x86
	EndGlobalSection
	GlobalSection(ProjectConfigurationPlatforms) = postSolution
		{A30942A6-0305-4C71-AC6F-B60E892122FE}.Debug|Any CPU.ActiveCfg = Debug|Any CPU
		{A30942A6-0305-4C71-AC6F-B60E892122FE}.Debug|Any CPU.Build.0 = Debug|Any CPU
		{A30942A6-0305-4C71-AC6F-B60E892122FE}.Debug|x86.ActiveCfg = Debug|Any CPU
		{A30942A6-0305-4C71-AC6F-B60E892122FE}.Debug|x86.Build.0 = Debug|Any CPU
		{A30942A6-0305-4C71-AC6F-B60E892122FE}.Release|Any CPU.ActiveCfg = Release|Any CPU
		{A30942A6-0305-4C71-AC6F-B60E892122FE}.Release|Any CPU.Build.0 = Release|Any CPU
		{A30942A6-0305-4C71-AC6F-B60E892122FE}.Release|x86.ActiveCfg = Release|Any CPU
		{A30942A6-0305-4C71-AC6F-B60E892122FE}.Release|x86.Build.0 = Release|Any CPU
	EndGlobalSection
	GlobalSection(SolutionProperties) = preSolution
		HideSolutionNode = FALSE
	EndGlobalSection
	GlobalSection(ExtensibilityGlobals) = postSolution
		SolutionGuid = {24EE046D-13A1-4117-8954-39704CF32670}
	EndGlobalSection
EndGlobal
